
Microsoft Visual Studio Solution File, Format Version 12.00
# Visual Studio Version 17
VisualStudioVersion = 17.5.002.0
MinimumVisualStudioVersion = 10.0.40219.1
Project("{9A19103F-16F7-4668-BE54-9A1E7A4F7556}") = "WebApplication1", "WebApplication1\WebApplication1.csproj", "{3CAED4D7-8D0B-4016-9701-64A1666348AA}"
EndProject
Project("{FAE04EC0-301F-11D3-BF4B-00C04F79EFBC}") = "GreeaterProgram", "GreeaterProgram\GreeaterProgram.csproj", "{917721BF-7338-432D-B8FE-D0BE01125342}"
EndProject
Project("{FAE04EC0-301F-11D3-BF4B-00C04F79EFBC}") = "notification", "notification\notification.csproj", "{DC4858B1-DF3F-41E8-A11D-7C8562B25DE0}"
EndProject
Project("{FAE04EC0-301F-11D3-BF4B-00C04F79EFBC}") = "StopWatch", "StopWatch\StopWatch.csproj", "{058A610E-44D1-4A9E-9ED7-5E46929F0BEC}"
EndProject
Global
	GlobalSection(SolutionConfigurationPlatforms) = preSolution
		Debug|Any CPU = Debug|Any CPU
		Release|Any CPU = Release|Any CPU
	EndGlobalSection
	GlobalSection(ProjectConfigurationPlatforms) = postSolution
		{3CAED4D7-8D0B-4016-9701-64A1666348AA}.Debug|Any CPU.ActiveCfg = Debug|Any CPU
		{3CAED4D7-8D0B-4016-9701-64A1666348AA}.Debug|Any CPU.Build.0 = Debug|Any CPU
		{3CAED4D7-8D0B-4016-9701-64A1666348AA}.Release|Any CPU.ActiveCfg = Release|Any CPU
		{3CAED4D7-8D0B-4016-9701-64A1666348AA}.Release|Any CPU.Build.0 = Release|Any CPU
		{917721BF-7338-432D-B8FE-D0BE01125342}.Debug|Any CPU.ActiveCfg = Debug|Any CPU
		{917721BF-7338-432D-B8FE-D0BE01125342}.Debug|Any CPU.Build.0 = Debug|Any CPU
		{917721BF-7338-432D-B8FE-D0BE01125342}.Release|Any CPU.ActiveCfg = Release|Any CPU
		{917721BF-7338-432D-B8FE-D0BE01125342}.Release|Any CPU.Build.0 = Release|Any CPU
		{DC4858B1-DF3F-41E8-A11D-7C8562B25DE0}.Debug|Any CPU.ActiveCfg = Debug|Any CPU
		{DC4858B1-DF3F-41E8-A11D-7C8562B25DE0}.Debug|Any CPU.Build.0 = Debug|Any CPU
		{DC4858B1-DF3F-41E8-A11D-7C8562B25DE0}.Release|Any CPU.ActiveCfg = Release|Any CPU
		{DC4858B1-DF3F-41E8-A11D-7C8562B25DE0}.Release|Any CPU.Build.0 = Release|Any CPU
		{058A610E-44D1-4A9E-9ED7-5E46929F0BEC}.Debug|Any CPU.ActiveCfg = Debug|Any CPU
		{058A610E-44D1-4A9E-9ED7-5E46929F0BEC}.Debug|Any CPU.Build.0 = Debug|Any CPU
		{058A610E-44D1-4A9E-9ED7-5E46929F0BEC}.Release|Any CPU.ActiveCfg = Release|Any CPU
		{058A610E-44D1-4A9E-9ED7-5E46929F0BEC}.Release|Any CPU.Build.0 = Release|Any CPU
	EndGlobalSection
	GlobalSection(SolutionProperties) = preSolution
		HideSolutionNode = FALSE
	EndGlobalSection
	GlobalSection(ExtensibilityGlobals) = postSolution
		SolutionGuid = {1D9B4C9F-BC86-4347-A4BA-05F478A86EC2}
	EndGlobalSection
EndGlobal
